
Microsoft Visual Studio Solution File, Format Version 11.00
# Visual Studio 2010
Project("{FAE04EC0-301F-11D3-BF4B-00C04F79EFBC}") = "MonoKit", "MonoKit\MonoKit.csproj", "{7BA35695-77B9-4237-AE28-396B0E5DDF7F}"
EndProject
Project("{FAE04EC0-301F-11D3-BF4B-00C04F79EFBC}") = "MonoKit.iOS", "MonoKit.iOS\MonoKit.iOS.csproj", "{ABE22D63-B716-4C58-9A59-5915F47968D4}"
EndProject
Project("{2150E333-8FDC-42A3-9474-1A3956D46DE8}") = "Samples", "Samples", "{84CBAC2D-25BB-40EF-8F13-1E616587AFA4}"
EndProject
Project("{FAE04EC0-301F-11D3-BF4B-00C04F79EFBC}") = "ViewDeckSample", "Samples\ViewDeckSample\ViewDeckSample.csproj", "{3AC5EB97-7DC9-43BC-8074-0DC29A97B692}"
EndProject
Project("{FAE04EC0-301F-11D3-BF4B-00C04F79EFBC}") = "PanoramaSample", "Samples\PanoramaSample\PanoramaSample.csproj", "{3879F97D-6D37-481C-B84A-D947A0DDB841}"
EndProject
Project("{FAE04EC0-301F-11D3-BF4B-00C04F79EFBC}") = "iPadTest", "Samples\iPadTest\iPadTest.csproj", "{754DBAF0-63A8-45A9-A390-86F2FF5556A1}"
EndProject
Project("{FAE04EC0-301F-11D3-BF4B-00C04F79EFBC}") = "MonoKitSample", "Samples\MonoKitSample\MonoKitSample.csproj", "{93EB339A-DFF9-48FA-A490-E53069BD1B66}"
EndProject
Project("{FAE04EC0-301F-11D3-BF4B-00C04F79EFBC}") = "iPhoneTest", "Samples\iPhoneTest\iPhoneTest.csproj", "{D1EE78E4-82A0-4BB9-A699-2F0038395243}"
EndProject
Project("{FAE04EC0-301F-11D3-BF4B-00C04F79EFBC}") = "Test", "Samples\Test\Test.csproj", "{117E23FD-8455-43C2-A54E-B530DE5B88AF}"
EndProject
Project("{FAE04EC0-301F-11D3-BF4B-00C04F79EFBC}") = "AwesomeMenuSample", "Samples\AwesomeMenuSample\AwesomeMenuSample.csproj", "{3E337B3C-13E2-4C78-8824-980135A35646}"
EndProject
Project("{2150E333-8FDC-42A3-9474-1A3956D46DE8}") = "Tests", "Tests", "{AE9D84D2-7B39-4154-95D4-169BCCAA6021}"
EndProject
Project("{FAE04EC0-301F-11D3-BF4B-00C04F79EFBC}") = "MonoKit.UnitTests", "Tests\MonoKit.UnitTests\MonoKit.UnitTests.csproj", "{D7937D75-2807-4BE4-9F34-5DDF4823A25F}"
EndProject
Project("{FAE04EC0-301F-11D3-BF4B-00C04F79EFBC}") = "Test.MonoKit.Core.MonoTouch", "Tests\MonoKit.UnitTests\Test.MonoKit.Core.MonoTouch\Test.MonoKit.Core.MonoTouch.csproj", "{371D6E44-E499-4136-A871-A5EA5260A209}"
EndProject
Project("{FAE04EC0-301F-11D3-BF4B-00C04F79EFBC}") = "MonoKit.Core.UnitTests", "Tests\MonoKit.UnitTests\MonoKit.Core.UnitTests\MonoKit.Core.UnitTests.csproj", "{8B49C0E8-21FA-498A-8262-3805D1A4962E}"
EndProject
Project("{FAE04EC0-301F-11D3-BF4B-00C04F79EFBC}") = "MonoKit.Domain", "MonoKit.Domain\MonoKit.Domain.csproj", "{6963B532-C840-4E53-AC65-7A812C744A11}"
EndProject
Project("{FAE04EC0-301F-11D3-BF4B-00C04F79EFBC}") = "MonoKit.Core.MonoTouch", "MonoKit.Core.MonoTouch\MonoKit.Core.MonoTouch.csproj", "{2CD8E58A-E1C4-4F41-9004-7484C5DABA9E}"
EndProject
Global
	GlobalSection(SolutionConfigurationPlatforms) = preSolution
		Debug|iPhoneSimulator = Debug|iPhoneSimulator
		Release|iPhoneSimulator = Release|iPhoneSimulator
		Debug|iPhone = Debug|iPhone
		Release|iPhone = Release|iPhone
		Default|Any CPU = Default|Any CPU
		Ad-Hoc|iPhone = Ad-Hoc|iPhone
		AppStore|iPhone = AppStore|iPhone
	EndGlobalSection
	GlobalSection(ProjectConfigurationPlatforms) = postSolution
		{117E23FD-8455-43C2-A54E-B530DE5B88AF}.Ad-Hoc|iPhone.ActiveCfg = Ad-Hoc|iPhone
		{117E23FD-8455-43C2-A54E-B530DE5B88AF}.Ad-Hoc|iPhone.Build.0 = Ad-Hoc|iPhone
		{117E23FD-8455-43C2-A54E-B530DE5B88AF}.AppStore|iPhone.ActiveCfg = AppStore|iPhone
		{117E23FD-8455-43C2-A54E-B530DE5B88AF}.AppStore|iPhone.Build.0 = AppStore|iPhone
		{117E23FD-8455-43C2-A54E-B530DE5B88AF}.Debug|iPhone.ActiveCfg = Debug|iPhone
		{117E23FD-8455-43C2-A54E-B530DE5B88AF}.Debug|iPhone.Build.0 = Debug|iPhone
		{117E23FD-8455-43C2-A54E-B530DE5B88AF}.Debug|iPhoneSimulator.ActiveCfg = Debug|iPhoneSimulator
		{117E23FD-8455-43C2-A54E-B530DE5B88AF}.Default|Any CPU.ActiveCfg = Debug|iPhoneSimulator
		{117E23FD-8455-43C2-A54E-B530DE5B88AF}.Default|Any CPU.Build.0 = Debug|iPhoneSimulator
		{117E23FD-8455-43C2-A54E-B530DE5B88AF}.Release|iPhone.ActiveCfg = Release|iPhone
		{117E23FD-8455-43C2-A54E-B530DE5B88AF}.Release|iPhone.Build.0 = Release|iPhone
		{117E23FD-8455-43C2-A54E-B530DE5B88AF}.Release|iPhoneSimulator.ActiveCfg = Release|iPhoneSimulator
		{117E23FD-8455-43C2-A54E-B530DE5B88AF}.Release|iPhoneSimulator.Build.0 = Release|iPhoneSimulator
		{2CD8E58A-E1C4-4F41-9004-7484C5DABA9E}.Ad-Hoc|iPhone.ActiveCfg = Debug|Any CPU
		{2CD8E58A-E1C4-4F41-9004-7484C5DABA9E}.Ad-Hoc|iPhone.Build.0 = Debug|Any CPU
		{2CD8E58A-E1C4-4F41-9004-7484C5DABA9E}.AppStore|iPhone.ActiveCfg = Debug|Any CPU
		{2CD8E58A-E1C4-4F41-9004-7484C5DABA9E}.AppStore|iPhone.Build.0 = Debug|Any CPU
		{2CD8E58A-E1C4-4F41-9004-7484C5DABA9E}.Debug|iPhone.ActiveCfg = Debug|Any CPU
		{2CD8E58A-E1C4-4F41-9004-7484C5DABA9E}.Debug|iPhone.Build.0 = Debug|Any CPU
		{2CD8E58A-E1C4-4F41-9004-7484C5DABA9E}.Debug|iPhoneSimulator.ActiveCfg = Debug|Any CPU
		{2CD8E58A-E1C4-4F41-9004-7484C5DABA9E}.Debug|iPhoneSimulator.Build.0 = Debug|Any CPU
		{2CD8E58A-E1C4-4F41-9004-7484C5DABA9E}.Default|Any CPU.ActiveCfg = Debug|Any CPU
		{2CD8E58A-E1C4-4F41-9004-7484C5DABA9E}.Default|Any CPU.Build.0 = Debug|Any CPU
		{2CD8E58A-E1C4-4F41-9004-7484C5DABA9E}.Release|iPhone.ActiveCfg = Release|Any CPU
		{2CD8E58A-E1C4-4F41-9004-7484C5DABA9E}.Release|iPhone.Build.0 = Release|Any CPU
		{2CD8E58A-E1C4-4F41-9004-7484C5DABA9E}.Release|iPhoneSimulator.ActiveCfg = Release|Any CPU
		{2CD8E58A-E1C4-4F41-9004-7484C5DABA9E}.Release|iPhoneSimulator.Build.0 = Release|Any CPU
		{371D6E44-E499-4136-A871-A5EA5260A209}.Ad-Hoc|iPhone.ActiveCfg = Ad-Hoc|iPhone
		{371D6E44-E499-4136-A871-A5EA5260A209}.Ad-Hoc|iPhone.Build.0 = Ad-Hoc|iPhone
		{371D6E44-E499-4136-A871-A5EA5260A209}.AppStore|iPhone.ActiveCfg = AppStore|iPhone
		{371D6E44-E499-4136-A871-A5EA5260A209}.AppStore|iPhone.Build.0 = AppStore|iPhone
		{371D6E44-E499-4136-A871-A5EA5260A209}.Debug|iPhone.ActiveCfg = Debug|iPhone
		{371D6E44-E499-4136-A871-A5EA5260A209}.Debug|iPhone.Build.0 = Debug|iPhone
		{371D6E44-E499-4136-A871-A5EA5260A209}.Debug|iPhoneSimulator.ActiveCfg = Debug|iPhoneSimulator
		{371D6E44-E499-4136-A871-A5EA5260A209}.Debug|iPhoneSimulator.Build.0 = Debug|iPhoneSimulator
		{371D6E44-E499-4136-A871-A5EA5260A209}.Default|Any CPU.ActiveCfg = Debug|iPhoneSimulator
		{371D6E44-E499-4136-A871-A5EA5260A209}.Default|Any CPU.Build.0 = Debug|iPhoneSimulator
		{371D6E44-E499-4136-A871-A5EA5260A209}.Release|iPhone.ActiveCfg = Release|iPhone
		{371D6E44-E499-4136-A871-A5EA5260A209}.Release|iPhone.Build.0 = Release|iPhone
		{371D6E44-E499-4136-A871-A5EA5260A209}.Release|iPhoneSimulator.ActiveCfg = Release|iPhoneSimulator
		{371D6E44-E499-4136-A871-A5EA5260A209}.Release|iPhoneSimulator.Build.0 = Release|iPhoneSimulator
		{3879F97D-6D37-481C-B84A-D947A0DDB841}.Ad-Hoc|iPhone.ActiveCfg = Ad-Hoc|iPhone
		{3879F97D-6D37-481C-B84A-D947A0DDB841}.Ad-Hoc|iPhone.Build.0 = Ad-Hoc|iPhone
		{3879F97D-6D37-481C-B84A-D947A0DDB841}.AppStore|iPhone.ActiveCfg = AppStore|iPhone
		{3879F97D-6D37-481C-B84A-D947A0DDB841}.AppStore|iPhone.Build.0 = AppStore|iPhone
		{3879F97D-6D37-481C-B84A-D947A0DDB841}.Debug|iPhone.ActiveCfg = Debug|iPhone
		{3879F97D-6D37-481C-B84A-D947A0DDB841}.Debug|iPhone.Build.0 = Debug|iPhone
		{3879F97D-6D37-481C-B84A-D947A0DDB841}.Debug|iPhoneSimulator.ActiveCfg = Debug|iPhoneSimulator
		{3879F97D-6D37-481C-B84A-D947A0DDB841}.Default|Any CPU.ActiveCfg = Debug|iPhoneSimulator
		{3879F97D-6D37-481C-B84A-D947A0DDB841}.Default|Any CPU.Build.0 = Debug|iPhoneSimulator
		{3879F97D-6D37-481C-B84A-D947A0DDB841}.Release|iPhone.ActiveCfg = Release|iPhone
		{3879F97D-6D37-481C-B84A-D947A0DDB841}.Release|iPhone.Build.0 = Release|iPhone
		{3879F97D-6D37-481C-B84A-D947A0DDB841}.Release|iPhoneSimulator.ActiveCfg = Release|iPhoneSimulator
		{3879F97D-6D37-481C-B84A-D947A0DDB841}.Release|iPhoneSimulator.Build.0 = Release|iPhoneSimulator
		{3AC5EB97-7DC9-43BC-8074-0DC29A97B692}.Ad-Hoc|iPhone.ActiveCfg = Ad-Hoc|iPhone
		{3AC5EB97-7DC9-43BC-8074-0DC29A97B692}.Ad-Hoc|iPhone.Build.0 = Ad-Hoc|iPhone
		{3AC5EB97-7DC9-43BC-8074-0DC29A97B692}.AppStore|iPhone.ActiveCfg = AppStore|iPhone
		{3AC5EB97-7DC9-43BC-8074-0DC29A97B692}.AppStore|iPhone.Build.0 = AppStore|iPhone
		{3AC5EB97-7DC9-43BC-8074-0DC29A97B692}.Debug|iPhone.ActiveCfg = Debug|iPhone
		{3AC5EB97-7DC9-43BC-8074-0DC29A97B692}.Debug|iPhone.Build.0 = Debug|iPhone
		{3AC5EB97-7DC9-43BC-8074-0DC29A97B692}.Debug|iPhoneSimulator.ActiveCfg = Debug|iPhoneSimulator
		{3AC5EB97-7DC9-43BC-8074-0DC29A97B692}.Default|Any CPU.ActiveCfg = Debug|iPhoneSimulator
		{3AC5EB97-7DC9-43BC-8074-0DC29A97B692}.Default|Any CPU.Build.0 = Debug|iPhoneSimulator
		{3AC5EB97-7DC9-43BC-8074-0DC29A97B692}.Release|iPhone.ActiveCfg = Release|iPhone
		{3AC5EB97-7DC9-43BC-8074-0DC29A97B692}.Release|iPhone.Build.0 = Release|iPhone
		{3AC5EB97-7DC9-43BC-8074-0DC29A97B692}.Release|iPhoneSimulator.ActiveCfg = Release|iPhoneSimulator
		{3AC5EB97-7DC9-43BC-8074-0DC29A97B692}.Release|iPhoneSimulator.Build.0 = Release|iPhoneSimulator
		{3E337B3C-13E2-4C78-8824-980135A35646}.Ad-Hoc|iPhone.ActiveCfg = Ad-Hoc|iPhone
		{3E337B3C-13E2-4C78-8824-980135A35646}.Ad-Hoc|iPhone.Build.0 = Ad-Hoc|iPhone
		{3E337B3C-13E2-4C78-8824-980135A35646}.AppStore|iPhone.ActiveCfg = AppStore|iPhone
		{3E337B3C-13E2-4C78-8824-980135A35646}.AppStore|iPhone.Build.0 = AppStore|iPhone
		{3E337B3C-13E2-4C78-8824-980135A35646}.Debug|iPhone.ActiveCfg = Debug|iPhone
		{3E337B3C-13E2-4C78-8824-980135A35646}.Debug|iPhone.Build.0 = Debug|iPhone
		{3E337B3C-13E2-4C78-8824-980135A35646}.Debug|iPhoneSimulator.ActiveCfg = Debug|iPhoneSimulator
		{3E337B3C-13E2-4C78-8824-980135A35646}.Default|Any CPU.ActiveCfg = Debug|iPhoneSimulator
		{3E337B3C-13E2-4C78-8824-980135A35646}.Default|Any CPU.Build.0 = Debug|iPhoneSimulator
		{3E337B3C-13E2-4C78-8824-980135A35646}.Release|iPhone.ActiveCfg = Release|iPhone
		{3E337B3C-13E2-4C78-8824-980135A35646}.Release|iPhone.Build.0 = Release|iPhone
		{3E337B3C-13E2-4C78-8824-980135A35646}.Release|iPhoneSimulator.ActiveCfg = Release|iPhoneSimulator
		{3E337B3C-13E2-4C78-8824-980135A35646}.Release|iPhoneSimulator.Build.0 = Release|iPhoneSimulator
		{6963B532-C840-4E53-AC65-7A812C744A11}.Ad-Hoc|iPhone.ActiveCfg = Debug|Any CPU
		{6963B532-C840-4E53-AC65-7A812C744A11}.Ad-Hoc|iPhone.Build.0 = Debug|Any CPU
		{6963B532-C840-4E53-AC65-7A812C744A11}.AppStore|iPhone.ActiveCfg = Debug|Any CPU
		{6963B532-C840-4E53-AC65-7A812C744A11}.AppStore|iPhone.Build.0 = Debug|Any CPU
		{6963B532-C840-4E53-AC65-7A812C744A11}.Debug|iPhone.ActiveCfg = Debug|Any CPU
		{6963B532-C840-4E53-AC65-7A812C744A11}.Debug|iPhone.Build.0 = Debug|Any CPU
		{6963B532-C840-4E53-AC65-7A812C744A11}.Debug|iPhoneSimulator.ActiveCfg = Debug|Any CPU
		{6963B532-C840-4E53-AC65-7A812C744A11}.Default|Any CPU.ActiveCfg = Debug|Any CPU
		{6963B532-C840-4E53-AC65-7A812C744A11}.Default|Any CPU.Build.0 = Debug|Any CPU
		{6963B532-C840-4E53-AC65-7A812C744A11}.Release|iPhone.ActiveCfg = Release|Any CPU
		{6963B532-C840-4E53-AC65-7A812C744A11}.Release|iPhone.Build.0 = Release|Any CPU
		{6963B532-C840-4E53-AC65-7A812C744A11}.Release|iPhoneSimulator.ActiveCfg = Release|Any CPU
		{6963B532-C840-4E53-AC65-7A812C744A11}.Release|iPhoneSimulator.Build.0 = Release|Any CPU
		{754DBAF0-63A8-45A9-A390-86F2FF5556A1}.Ad-Hoc|iPhone.ActiveCfg = Debug|iPhone
		{754DBAF0-63A8-45A9-A390-86F2FF5556A1}.Ad-Hoc|iPhone.Build.0 = Debug|iPhone
		{754DBAF0-63A8-45A9-A390-86F2FF5556A1}.AppStore|iPhone.ActiveCfg = Debug|iPhone
		{754DBAF0-63A8-45A9-A390-86F2FF5556A1}.AppStore|iPhone.Build.0 = Debug|iPhone
		{754DBAF0-63A8-45A9-A390-86F2FF5556A1}.Debug|iPhone.ActiveCfg = Debug|iPhone
		{754DBAF0-63A8-45A9-A390-86F2FF5556A1}.Debug|iPhone.Build.0 = Debug|iPhone
		{754DBAF0-63A8-45A9-A390-86F2FF5556A1}.Debug|iPhoneSimulator.ActiveCfg = Debug|iPhoneSimulator
		{754DBAF0-63A8-45A9-A390-86F2FF5556A1}.Default|Any CPU.ActiveCfg = Debug|iPhoneSimulator
		{754DBAF0-63A8-45A9-A390-86F2FF5556A1}.Default|Any CPU.Build.0 = Debug|iPhoneSimulator
		{754DBAF0-63A8-45A9-A390-86F2FF5556A1}.Release|iPhone.ActiveCfg = Release|iPhone
		{754DBAF0-63A8-45A9-A390-86F2FF5556A1}.Release|iPhone.Build.0 = Release|iPhone
		{754DBAF0-63A8-45A9-A390-86F2FF5556A1}.Release|iPhoneSimulator.ActiveCfg = Release|iPhoneSimulator
		{754DBAF0-63A8-45A9-A390-86F2FF5556A1}.Release|iPhoneSimulator.Build.0 = Release|iPhoneSimulator
		{7BA35695-77B9-4237-AE28-396B0E5DDF7F}.Debug|iPhone.ActiveCfg = Debug|Any CPU
		{7BA35695-77B9-4237-AE28-396B0E5DDF7F}.Debug|iPhone.Build.0 = Debug|Any CPU
		{7BA35695-77B9-4237-AE28-396B0E5DDF7F}.Debug|iPhoneSimulator.ActiveCfg = Debug|Any CPU
		{7BA35695-77B9-4237-AE28-396B0E5DDF7F}.Release|iPhone.ActiveCfg = Release|Any CPU
		{7BA35695-77B9-4237-AE28-396B0E5DDF7F}.Release|iPhone.Build.0 = Release|Any CPU
		{7BA35695-77B9-4237-AE28-396B0E5DDF7F}.Release|iPhoneSimulator.ActiveCfg = Release|Any CPU
		{7BA35695-77B9-4237-AE28-396B0E5DDF7F}.Release|iPhoneSimulator.Build.0 = Release|Any CPU
		{8B49C0E8-21FA-498A-8262-3805D1A4962E}.Ad-Hoc|iPhone.ActiveCfg = Debug|Any CPU
		{8B49C0E8-21FA-498A-8262-3805D1A4962E}.Ad-Hoc|iPhone.Build.0 = Debug|Any CPU
		{8B49C0E8-21FA-498A-8262-3805D1A4962E}.AppStore|iPhone.ActiveCfg = Debug|Any CPU
		{8B49C0E8-21FA-498A-8262-3805D1A4962E}.AppStore|iPhone.Build.0 = Debug|Any CPU
		{8B49C0E8-21FA-498A-8262-3805D1A4962E}.Debug|iPhone.ActiveCfg = Debug|Any CPU
		{8B49C0E8-21FA-498A-8262-3805D1A4962E}.Debug|iPhone.Build.0 = Debug|Any CPU
		{8B49C0E8-21FA-498A-8262-3805D1A4962E}.Debug|iPhoneSimulator.ActiveCfg = Debug|Any CPU
		{8B49C0E8-21FA-498A-8262-3805D1A4962E}.Debug|iPhoneSimulator.Build.0 = Debug|Any CPU
		{8B49C0E8-21FA-498A-8262-3805D1A4962E}.Default|Any CPU.ActiveCfg = Debug|Any CPU
		{8B49C0E8-21FA-498A-8262-3805D1A4962E}.Default|Any CPU.Build.0 = Debug|Any CPU
		{8B49C0E8-21FA-498A-8262-3805D1A4962E}.Release|iPhone.ActiveCfg = Release|Any CPU
		{8B49C0E8-21FA-498A-8262-3805D1A4962E}.Release|iPhone.Build.0 = Release|Any CPU
		{8B49C0E8-21FA-498A-8262-3805D1A4962E}.Release|iPhoneSimulator.ActiveCfg = Release|Any CPU
		{8B49C0E8-21FA-498A-8262-3805D1A4962E}.Release|iPhoneSimulator.Build.0 = Release|Any CPU
		{93EB339A-DFF9-48FA-A490-E53069BD1B66}.Ad-Hoc|iPhone.ActiveCfg = Debug|Any CPU
		{93EB339A-DFF9-48FA-A490-E53069BD1B66}.Ad-Hoc|iPhone.Build.0 = Debug|Any CPU
		{93EB339A-DFF9-48FA-A490-E53069BD1B66}.AppStore|iPhone.ActiveCfg = Debug|Any CPU
		{93EB339A-DFF9-48FA-A490-E53069BD1B66}.AppStore|iPhone.Build.0 = Debug|Any CPU
		{93EB339A-DFF9-48FA-A490-E53069BD1B66}.Debug|iPhone.ActiveCfg = Debug|Any CPU
		{93EB339A-DFF9-48FA-A490-E53069BD1B66}.Debug|iPhone.Build.0 = Debug|Any CPU
		{93EB339A-DFF9-48FA-A490-E53069BD1B66}.Debug|iPhoneSimulator.ActiveCfg = Debug|Any CPU
		{93EB339A-DFF9-48FA-A490-E53069BD1B66}.Default|Any CPU.ActiveCfg = Debug|Any CPU
		{93EB339A-DFF9-48FA-A490-E53069BD1B66}.Default|Any CPU.Build.0 = Debug|Any CPU
		{93EB339A-DFF9-48FA-A490-E53069BD1B66}.Release|iPhone.ActiveCfg = Release|Any CPU
		{93EB339A-DFF9-48FA-A490-E53069BD1B66}.Release|iPhone.Build.0 = Release|Any CPU
		{93EB339A-DFF9-48FA-A490-E53069BD1B66}.Release|iPhoneSimulator.ActiveCfg = Release|Any CPU
		{93EB339A-DFF9-48FA-A490-E53069BD1B66}.Release|iPhoneSimulator.Build.0 = Release|Any CPU
		{ABE22D63-B716-4C58-9A59-5915F47968D4}.Debug|iPhone.ActiveCfg = Debug|Any CPU
		{ABE22D63-B716-4C58-9A59-5915F47968D4}.Debug|iPhone.Build.0 = Debug|Any CPU
		{ABE22D63-B716-4C58-9A59-5915F47968D4}.Debug|iPhoneSimulator.ActiveCfg = Debug|Any CPU
		{ABE22D63-B716-4C58-9A59-5915F47968D4}.Default|Any CPU.ActiveCfg = Debug|Any CPU
		{ABE22D63-B716-4C58-9A59-5915F47968D4}.Default|Any CPU.Build.0 = Debug|Any CPU
		{ABE22D63-B716-4C58-9A59-5915F47968D4}.Release|iPhone.ActiveCfg = Release|Any CPU
		{ABE22D63-B716-4C58-9A59-5915F47968D4}.Release|iPhone.Build.0 = Release|Any CPU
		{ABE22D63-B716-4C58-9A59-5915F47968D4}.Release|iPhoneSimulator.ActiveCfg = Release|Any CPU
		{ABE22D63-B716-4C58-9A59-5915F47968D4}.Release|iPhoneSimulator.Build.0 = Release|Any CPU
		{D1EE78E4-82A0-4BB9-A699-2F0038395243}.Ad-Hoc|iPhone.ActiveCfg = Debug|iPhone
		{D1EE78E4-82A0-4BB9-A699-2F0038395243}.Ad-Hoc|iPhone.Build.0 = Debug|iPhone
		{D1EE78E4-82A0-4BB9-A699-2F0038395243}.AppStore|iPhone.ActiveCfg = Debug|iPhone
		{D1EE78E4-82A0-4BB9-A699-2F0038395243}.AppStore|iPhone.Build.0 = Debug|iPhone
		{D1EE78E4-82A0-4BB9-A699-2F0038395243}.Debug|iPhone.ActiveCfg = Debug|iPhone
		{D1EE78E4-82A0-4BB9-A699-2F0038395243}.Debug|iPhone.Build.0 = Debug|iPhone
		{D1EE78E4-82A0-4BB9-A699-2F0038395243}.Debug|iPhoneSimulator.ActiveCfg = Debug|iPhoneSimulator
		{D1EE78E4-82A0-4BB9-A699-2F0038395243}.Default|Any CPU.ActiveCfg = Debug|iPhoneSimulator
		{D1EE78E4-82A0-4BB9-A699-2F0038395243}.Default|Any CPU.Build.0 = Debug|iPhoneSimulator
		{D1EE78E4-82A0-4BB9-A699-2F0038395243}.Release|iPhone.ActiveCfg = Release|iPhone
		{D1EE78E4-82A0-4BB9-A699-2F0038395243}.Release|iPhone.Build.0 = Release|iPhone
		{D1EE78E4-82A0-4BB9-A699-2F0038395243}.Release|iPhoneSimulator.ActiveCfg = Release|iPhoneSimulator
		{D1EE78E4-82A0-4BB9-A699-2F0038395243}.Release|iPhoneSimulator.Build.0 = Release|iPhoneSimulator
		{D7937D75-2807-4BE4-9F34-5DDF4823A25F}.Ad-Hoc|iPhone.ActiveCfg = Ad-Hoc|iPhone
		{D7937D75-2807-4BE4-9F34-5DDF4823A25F}.Ad-Hoc|iPhone.Build.0 = Ad-Hoc|iPhone
		{D7937D75-2807-4BE4-9F34-5DDF4823A25F}.AppStore|iPhone.ActiveCfg = AppStore|iPhone
		{D7937D75-2807-4BE4-9F34-5DDF4823A25F}.AppStore|iPhone.Build.0 = AppStore|iPhone
		{D7937D75-2807-4BE4-9F34-5DDF4823A25F}.Debug|iPhone.ActiveCfg = Debug|iPhone
		{D7937D75-2807-4BE4-9F34-5DDF4823A25F}.Debug|iPhone.Build.0 = Debug|iPhone
		{D7937D75-2807-4BE4-9F34-5DDF4823A25F}.Debug|iPhoneSimulator.ActiveCfg = Debug|iPhoneSimulator
		{D7937D75-2807-4BE4-9F34-5DDF4823A25F}.Default|Any CPU.ActiveCfg = Debug|iPhoneSimulator
		{D7937D75-2807-4BE4-9F34-5DDF4823A25F}.Default|Any CPU.Build.0 = Debug|iPhoneSimulator
		{D7937D75-2807-4BE4-9F34-5DDF4823A25F}.Release|iPhone.ActiveCfg = Release|iPhone
		{D7937D75-2807-4BE4-9F34-5DDF4823A25F}.Release|iPhone.Build.0 = Release|iPhone
		{D7937D75-2807-4BE4-9F34-5DDF4823A25F}.Release|iPhoneSimulator.ActiveCfg = Release|iPhoneSimulator
		{D7937D75-2807-4BE4-9F34-5DDF4823A25F}.Release|iPhoneSimulator.Build.0 = Release|iPhoneSimulator
	EndGlobalSection
	GlobalSection(NestedProjects) = preSolution
		{3AC5EB97-7DC9-43BC-8074-0DC29A97B692} = {84CBAC2D-25BB-40EF-8F13-1E616587AFA4}
		{3879F97D-6D37-481C-B84A-D947A0DDB841} = {84CBAC2D-25BB-40EF-8F13-1E616587AFA4}
		{754DBAF0-63A8-45A9-A390-86F2FF5556A1} = {84CBAC2D-25BB-40EF-8F13-1E616587AFA4}
		{93EB339A-DFF9-48FA-A490-E53069BD1B66} = {84CBAC2D-25BB-40EF-8F13-1E616587AFA4}
		{D1EE78E4-82A0-4BB9-A699-2F0038395243} = {84CBAC2D-25BB-40EF-8F13-1E616587AFA4}
		{117E23FD-8455-43C2-A54E-B530DE5B88AF} = {84CBAC2D-25BB-40EF-8F13-1E616587AFA4}
		{3E337B3C-13E2-4C78-8824-980135A35646} = {84CBAC2D-25BB-40EF-8F13-1E616587AFA4}
		{D7937D75-2807-4BE4-9F34-5DDF4823A25F} = {AE9D84D2-7B39-4154-95D4-169BCCAA6021}
		{371D6E44-E499-4136-A871-A5EA5260A209} = {AE9D84D2-7B39-4154-95D4-169BCCAA6021}
		{8B49C0E8-21FA-498A-8262-3805D1A4962E} = {AE9D84D2-7B39-4154-95D4-169BCCAA6021}
	EndGlobalSection
	GlobalSection(MonoDevelopProperties) = preSolution
		StartupItem = Tests\MonoKit.UnitTests\Test.MonoKit.Core.MonoTouch\Test.MonoKit.Core.MonoTouch.csproj
	EndGlobalSection
EndGlobal
